// !$*UTF8*$!
{
	archiveVersion = 1;
	classes = {
	};
	objectVersion = 56;
	objects = {

/* Begin PBXBuildFile section */
		2A01E2612AD12A58003FF38C /* AppDelegate.swift in Sources */ = {isa = PBXBuildFile; fileRef = 2A01E2602AD12A58003FF38C /* AppDelegate.swift */; };
		2A01E2632AD12A58003FF38C /* SceneDelegate.swift in Sources */ = {isa = PBXBuildFile; fileRef = 2A01E2622AD12A58003FF38C /* SceneDelegate.swift */; };
		2A01E2652AD12A58003FF38C /* LoginViewController.swift in Sources */ = {isa = PBXBuildFile; fileRef = 2A01E2642AD12A58003FF38C /* LoginViewController.swift */; };
		2A01E26A2AD12A59003FF38C /* Assets.xcassets in Resources */ = {isa = PBXBuildFile; fileRef = 2A01E2692AD12A59003FF38C /* Assets.xcassets */; };
		2A01E26D2AD12A59003FF38C /* LaunchScreen.storyboard in Resources */ = {isa = PBXBuildFile; fileRef = 2A01E26B2AD12A59003FF38C /* LaunchScreen.storyboard */; };
		2A2EAFFD2B1AFB7B002D3800 /* MVCPracticeVC.swift in Sources */ = {isa = PBXBuildFile; fileRef = 2A2EAFFC2B1AFB7B002D3800 /* MVCPracticeVC.swift */; };
		2A2EAFFF2B1AFB91002D3800 /* SoptMember.swift in Sources */ = {isa = PBXBuildFile; fileRef = 2A2EAFFE2B1AFB91002D3800 /* SoptMember.swift */; };
		2A2EB0012B1AFBBC002D3800 /* CustomTVC.swift in Sources */ = {isa = PBXBuildFile; fileRef = 2A2EB0002B1AFBBC002D3800 /* CustomTVC.swift */; };
		2A3E2DE82AECCEF000FE6418 /* SnapKit in Frameworks */ = {isa = PBXBuildFile; productRef = 2A3E2DE72AECCEF000FE6418 /* SnapKit */; };
		2A3E2DEB2AECCEFC00FE6418 /* Then in Frameworks */ = {isa = PBXBuildFile; productRef = 2A3E2DEA2AECCEFC00FE6418 /* Then */; };
		2A3E2DED2AECD19F00FE6418 /* TestViewController.swift in Sources */ = {isa = PBXBuildFile; fileRef = 2A3E2DEC2AECD19F00FE6418 /* TestViewController.swift */; };
		2A3E2DEF2AECDC9500FE6418 /* TableViewController.swift in Sources */ = {isa = PBXBuildFile; fileRef = 2A3E2DEE2AECDC9500FE6418 /* TableViewController.swift */; };
		2A3E2DF12AECDD0F00FE6418 /* ItemListTableViewCell.swift in Sources */ = {isa = PBXBuildFile; fileRef = 2A3E2DF02AECDD0F00FE6418 /* ItemListTableViewCell.swift */; };
		2A3E2DF32AECDE6D00FE6418 /* UIView+.swift in Sources */ = {isa = PBXBuildFile; fileRef = 2A3E2DF22AECDE6D00FE6418 /* UIView+.swift */; };
		2A3E2DF52AECDF8E00FE6418 /* ItemListData.swift in Sources */ = {isa = PBXBuildFile; fileRef = 2A3E2DF42AECDF8E00FE6418 /* ItemListData.swift */; };
		2A3E2DF72AECEFE800FE6418 /* ImageViewController.swift in Sources */ = {isa = PBXBuildFile; fileRef = 2A3E2DF62AECEFE800FE6418 /* ImageViewController.swift */; };
		2A3E2DFB2AECF06D00FE6418 /* ImageCollectionViewCell.swift in Sources */ = {isa = PBXBuildFile; fileRef = 2A3E2DFA2AECF06D00FE6418 /* ImageCollectionViewCell.swift */; };
		2A3E2DFD2AECF21E00FE6418 /* ImageCollectionData.swift in Sources */ = {isa = PBXBuildFile; fileRef = 2A3E2DFC2AECF21E00FE6418 /* ImageCollectionData.swift */; };
		2A4B0BAE2B119FF80057BA2C /* AnimateVC.swift in Sources */ = {isa = PBXBuildFile; fileRef = 2A4B0BAD2B119FF80057BA2C /* AnimateVC.swift */; };
		2A4B0BB02B11A8860057BA2C /* PanGestureVC.swift in Sources */ = {isa = PBXBuildFile; fileRef = 2A4B0BAF2B11A8860057BA2C /* PanGestureVC.swift */; };
		2A4B0BB32B11BA2C0057BA2C /* Lottie in Frameworks */ = {isa = PBXBuildFile; productRef = 2A4B0BB22B11BA2C0057BA2C /* Lottie */; };
		2A4B0BB52B11BAB50057BA2C /* dragAnimation.json in Resources */ = {isa = PBXBuildFile; fileRef = 2A4B0BB42B11BAB50057BA2C /* dragAnimation.json */; };
		2A5296842AFF57F900279401 /* ViewController.swift in Sources */ = {isa = PBXBuildFile; fileRef = 2A5296832AFF57F900279401 /* ViewController.swift */; };
		2A5296862AFF582600279401 /* NetworkError.swift in Sources */ = {isa = PBXBuildFile; fileRef = 2A5296852AFF582600279401 /* NetworkError.swift */; };
		2A5296882AFF584100279401 /* RegisterService.swift in Sources */ = {isa = PBXBuildFile; fileRef = 2A5296872AFF584100279401 /* RegisterService.swift */; };
		2A52968A2AFF585D00279401 /* RegisterRequestBody.swift in Sources */ = {isa = PBXBuildFile; fileRef = 2A5296892AFF585D00279401 /* RegisterRequestBody.swift */; };
		2A52968C2AFF589400279401 /* InfoViewController.swift in Sources */ = {isa = PBXBuildFile; fileRef = 2A52968B2AFF589400279401 /* InfoViewController.swift */; };
		2A52968E2AFF591400279401 /* GetInfoService.swift in Sources */ = {isa = PBXBuildFile; fileRef = 2A52968D2AFF591400279401 /* GetInfoService.swift */; };
		2A5296902AFF592700279401 /* UserInfoDataModel.swift in Sources */ = {isa = PBXBuildFile; fileRef = 2A52968F2AFF592700279401 /* UserInfoDataModel.swift */; };
		2A5296922AFF638300279401 /* CheckUserExist.swift in Sources */ = {isa = PBXBuildFile; fileRef = 2A5296912AFF638300279401 /* CheckUserExist.swift */; };
		2A5296942AFF640800279401 /* CheckUserExistService.swift in Sources */ = {isa = PBXBuildFile; fileRef = 2A5296932AFF640800279401 /* CheckUserExistService.swift */; };
		2A5E993E2AD8E38F00DA55A1 /* UIImage+.swift in Sources */ = {isa = PBXBuildFile; fileRef = 2A5E993D2AD8E38F00DA55A1 /* UIImage+.swift */; };
		2A5E99422AD90A5700DA55A1 /* UILabel+.swift in Sources */ = {isa = PBXBuildFile; fileRef = 2A5E99412AD90A5700DA55A1 /* UILabel+.swift */; };
		2A5E994B2ADA5E7F00DA55A1 /* ChessViewController.swift in Sources */ = {isa = PBXBuildFile; fileRef = 2A5E994A2ADA5E7F00DA55A1 /* ChessViewController.swift */; };
		2A5E994D2ADA6D5100DA55A1 /* CrossViewController.swift in Sources */ = {isa = PBXBuildFile; fileRef = 2A5E994C2ADA6D5100DA55A1 /* CrossViewController.swift */; };
		2A5E994F2ADA824200DA55A1 /* ScrollViewController.swift in Sources */ = {isa = PBXBuildFile; fileRef = 2A5E994E2ADA824200DA55A1 /* ScrollViewController.swift */; };
		2AC155342AD135E60010C087 /* ResultViewController.swift in Sources */ = {isa = PBXBuildFile; fileRef = 2AC155332AD135E60010C087 /* ResultViewController.swift */; };
		2AC155362AD141EB0010C087 /* GetDataProtocol.swift in Sources */ = {isa = PBXBuildFile; fileRef = 2AC155352AD141EB0010C087 /* GetDataProtocol.swift */; };
/* End PBXBuildFile section */

/* Begin PBXFileReference section */
		2A01E25D2AD12A58003FF38C /* DO_SOPT_Seminar_Practice.app */ = {isa = PBXFileReference; explicitFileType = wrapper.application; includeInIndex = 0; path = DO_SOPT_Seminar_Practice.app; sourceTree = BUILT_PRODUCTS_DIR; };
		2A01E2602AD12A58003FF38C /* AppDelegate.swift */ = {isa = PBXFileReference; lastKnownFileType = sourcecode.swift; path = AppDelegate.swift; sourceTree = "<group>"; };
		2A01E2622AD12A58003FF38C /* SceneDelegate.swift */ = {isa = PBXFileReference; lastKnownFileType = sourcecode.swift; path = SceneDelegate.swift; sourceTree = "<group>"; };
		2A01E2642AD12A58003FF38C /* LoginViewController.swift */ = {isa = PBXFileReference; lastKnownFileType = sourcecode.swift; path = LoginViewController.swift; sourceTree = "<group>"; };
		2A01E2692AD12A59003FF38C /* Assets.xcassets */ = {isa = PBXFileReference; lastKnownFileType = folder.assetcatalog; path = Assets.xcassets; sourceTree = "<group>"; };
		2A01E26C2AD12A59003FF38C /* Base */ = {isa = PBXFileReference; lastKnownFileType = file.storyboard; name = Base; path = Base.lproj/LaunchScreen.storyboard; sourceTree = "<group>"; };
		2A01E26E2AD12A59003FF38C /* Info.plist */ = {isa = PBXFileReference; lastKnownFileType = text.plist.xml; path = Info.plist; sourceTree = "<group>"; };
		2A2EAFFC2B1AFB7B002D3800 /* MVCPracticeVC.swift */ = {isa = PBXFileReference; lastKnownFileType = sourcecode.swift; path = MVCPracticeVC.swift; sourceTree = "<group>"; };
		2A2EAFFE2B1AFB91002D3800 /* SoptMember.swift */ = {isa = PBXFileReference; lastKnownFileType = sourcecode.swift; path = SoptMember.swift; sourceTree = "<group>"; };
		2A2EB0002B1AFBBC002D3800 /* CustomTVC.swift */ = {isa = PBXFileReference; lastKnownFileType = sourcecode.swift; path = CustomTVC.swift; sourceTree = "<group>"; };
		2A3E2DEC2AECD19F00FE6418 /* TestViewController.swift */ = {isa = PBXFileReference; lastKnownFileType = sourcecode.swift; path = TestViewController.swift; sourceTree = "<group>"; };
		2A3E2DEE2AECDC9500FE6418 /* TableViewController.swift */ = {isa = PBXFileReference; lastKnownFileType = sourcecode.swift; path = TableViewController.swift; sourceTree = "<group>"; };
		2A3E2DF02AECDD0F00FE6418 /* ItemListTableViewCell.swift */ = {isa = PBXFileReference; lastKnownFileType = sourcecode.swift; path = ItemListTableViewCell.swift; sourceTree = "<group>"; };
		2A3E2DF22AECDE6D00FE6418 /* UIView+.swift */ = {isa = PBXFileReference; lastKnownFileType = sourcecode.swift; path = "UIView+.swift"; sourceTree = "<group>"; };
		2A3E2DF42AECDF8E00FE6418 /* ItemListData.swift */ = {isa = PBXFileReference; lastKnownFileType = sourcecode.swift; path = ItemListData.swift; sourceTree = "<group>"; };
		2A3E2DF62AECEFE800FE6418 /* ImageViewController.swift */ = {isa = PBXFileReference; lastKnownFileType = sourcecode.swift; path = ImageViewController.swift; sourceTree = "<group>"; };
		2A3E2DFA2AECF06D00FE6418 /* ImageCollectionViewCell.swift */ = {isa = PBXFileReference; lastKnownFileType = sourcecode.swift; path = ImageCollectionViewCell.swift; sourceTree = "<group>"; };
		2A3E2DFC2AECF21E00FE6418 /* ImageCollectionData.swift */ = {isa = PBXFileReference; lastKnownFileType = sourcecode.swift; path = ImageCollectionData.swift; sourceTree = "<group>"; };
		2A4B0BAD2B119FF80057BA2C /* AnimateVC.swift */ = {isa = PBXFileReference; lastKnownFileType = sourcecode.swift; path = AnimateVC.swift; sourceTree = "<group>"; };
		2A4B0BAF2B11A8860057BA2C /* PanGestureVC.swift */ = {isa = PBXFileReference; lastKnownFileType = sourcecode.swift; path = PanGestureVC.swift; sourceTree = "<group>"; };
		2A4B0BB42B11BAB50057BA2C /* dragAnimation.json */ = {isa = PBXFileReference; fileEncoding = 4; lastKnownFileType = text.json; path = dragAnimation.json; sourceTree = "<group>"; };
		2A5296832AFF57F900279401 /* ViewController.swift */ = {isa = PBXFileReference; lastKnownFileType = sourcecode.swift; path = ViewController.swift; sourceTree = "<group>"; };
		2A5296852AFF582600279401 /* NetworkError.swift */ = {isa = PBXFileReference; lastKnownFileType = sourcecode.swift; path = NetworkError.swift; sourceTree = "<group>"; };
		2A5296872AFF584100279401 /* RegisterService.swift */ = {isa = PBXFileReference; lastKnownFileType = sourcecode.swift; path = RegisterService.swift; sourceTree = "<group>"; };
		2A5296892AFF585D00279401 /* RegisterRequestBody.swift */ = {isa = PBXFileReference; lastKnownFileType = sourcecode.swift; path = RegisterRequestBody.swift; sourceTree = "<group>"; };
		2A52968B2AFF589400279401 /* InfoViewController.swift */ = {isa = PBXFileReference; lastKnownFileType = sourcecode.swift; path = InfoViewController.swift; sourceTree = "<group>"; };
		2A52968D2AFF591400279401 /* GetInfoService.swift */ = {isa = PBXFileReference; lastKnownFileType = sourcecode.swift; path = GetInfoService.swift; sourceTree = "<group>"; };
		2A52968F2AFF592700279401 /* UserInfoDataModel.swift */ = {isa = PBXFileReference; lastKnownFileType = sourcecode.swift; path = UserInfoDataModel.swift; sourceTree = "<group>"; };
		2A5296912AFF638300279401 /* CheckUserExist.swift */ = {isa = PBXFileReference; lastKnownFileType = sourcecode.swift; path = CheckUserExist.swift; sourceTree = "<group>"; };
		2A5296932AFF640800279401 /* CheckUserExistService.swift */ = {isa = PBXFileReference; lastKnownFileType = sourcecode.swift; path = CheckUserExistService.swift; sourceTree = "<group>"; };
		2A5E993D2AD8E38F00DA55A1 /* UIImage+.swift */ = {isa = PBXFileReference; lastKnownFileType = sourcecode.swift; path = "UIImage+.swift"; sourceTree = "<group>"; };
		2A5E99412AD90A5700DA55A1 /* UILabel+.swift */ = {isa = PBXFileReference; lastKnownFileType = sourcecode.swift; path = "UILabel+.swift"; sourceTree = "<group>"; };
		2A5E994A2ADA5E7F00DA55A1 /* ChessViewController.swift */ = {isa = PBXFileReference; lastKnownFileType = sourcecode.swift; path = ChessViewController.swift; sourceTree = "<group>"; };
		2A5E994C2ADA6D5100DA55A1 /* CrossViewController.swift */ = {isa = PBXFileReference; lastKnownFileType = sourcecode.swift; path = CrossViewController.swift; sourceTree = "<group>"; };
		2A5E994E2ADA824200DA55A1 /* ScrollViewController.swift */ = {isa = PBXFileReference; lastKnownFileType = sourcecode.swift; path = ScrollViewController.swift; sourceTree = "<group>"; };
		2AC155332AD135E60010C087 /* ResultViewController.swift */ = {isa = PBXFileReference; lastKnownFileType = sourcecode.swift; path = ResultViewController.swift; sourceTree = "<group>"; };
		2AC155352AD141EB0010C087 /* GetDataProtocol.swift */ = {isa = PBXFileReference; lastKnownFileType = sourcecode.swift; path = GetDataProtocol.swift; sourceTree = "<group>"; };
/* End PBXFileReference section */

/* Begin PBXFrameworksBuildPhase section */
		2A01E25A2AD12A58003FF38C /* Frameworks */ = {
			isa = PBXFrameworksBuildPhase;
			buildActionMask = 2147483647;
			files = (
				2A3E2DE82AECCEF000FE6418 /* SnapKit in Frameworks */,
				2A3E2DEB2AECCEFC00FE6418 /* Then in Frameworks */,
				2A4B0BB32B11BA2C0057BA2C /* Lottie in Frameworks */,
			);
			runOnlyForDeploymentPostprocessing = 0;
		};
/* End PBXFrameworksBuildPhase section */

/* Begin PBXGroup section */
		2A01E2542AD12A58003FF38C = {
			isa = PBXGroup;
			children = (
				2A01E25F2AD12A58003FF38C /* DO_SOPT_Seminar_Practice */,
				2A01E25E2AD12A58003FF38C /* Products */,
			);
			sourceTree = "<group>";
		};
		2A01E25E2AD12A58003FF38C /* Products */ = {
			isa = PBXGroup;
			children = (
				2A01E25D2AD12A58003FF38C /* DO_SOPT_Seminar_Practice.app */,
			);
			name = Products;
			sourceTree = "<group>";
		};
		2A01E25F2AD12A58003FF38C /* DO_SOPT_Seminar_Practice */ = {
			isa = PBXGroup;
			children = (
				2A5E99432AD90BFC00DA55A1 /* Application */,
				2A5E993C2AD8E38100DA55A1 /* Global */,
				2A5E99462AD90CF400DA55A1 /* Presentation */,
				2A01E26E2AD12A59003FF38C /* Info.plist */,
			);
			path = DO_SOPT_Seminar_Practice;
			sourceTree = "<group>";
		};
		2A2EAFFB2B1AF64C002D3800 /* SeventhSeminar */ = {
			isa = PBXGroup;
			children = (
				2A2EAFFC2B1AFB7B002D3800 /* MVCPracticeVC.swift */,
				2A2EAFFE2B1AFB91002D3800 /* SoptMember.swift */,
				2A2EB0002B1AFBBC002D3800 /* CustomTVC.swift */,
			);
			path = SeventhSeminar;
			sourceTree = "<group>";
		};
		2A3E2DE52AECCE1700FE6418 /* ThirdSeminar */ = {
			isa = PBXGroup;
			children = (
				2A3E2DEC2AECD19F00FE6418 /* TestViewController.swift */,
				2A3E2DF82AECF03C00FE6418 /* TableView */,
				2A3E2DF92AECF04F00FE6418 /* CollectionView */,
			);
			path = ThirdSeminar;
			sourceTree = "<group>";
		};
		2A3E2DF82AECF03C00FE6418 /* TableView */ = {
			isa = PBXGroup;
			children = (
				2A3E2DF42AECDF8E00FE6418 /* ItemListData.swift */,
				2A3E2DF02AECDD0F00FE6418 /* ItemListTableViewCell.swift */,
				2A3E2DEE2AECDC9500FE6418 /* TableViewController.swift */,
			);
			path = TableView;
			sourceTree = "<group>";
		};
		2A3E2DF92AECF04F00FE6418 /* CollectionView */ = {
			isa = PBXGroup;
			children = (
				2A3E2DF62AECEFE800FE6418 /* ImageViewController.swift */,
				2A3E2DFA2AECF06D00FE6418 /* ImageCollectionViewCell.swift */,
				2A3E2DFC2AECF21E00FE6418 /* ImageCollectionData.swift */,
			);
			path = CollectionView;
			sourceTree = "<group>";
		};
		2A4B0BAC2B119F220057BA2C /* SixthSeminar */ = {
			isa = PBXGroup;
			children = (
				2A4B0BB42B11BAB50057BA2C /* dragAnimation.json */,
				2A4B0BAD2B119FF80057BA2C /* AnimateVC.swift */,
				2A4B0BAF2B11A8860057BA2C /* PanGestureVC.swift */,
			);
			path = SixthSeminar;
			sourceTree = "<group>";
		};
		2A5296822AFF455200279401 /* FourthSeminar */ = {
			isa = PBXGroup;
			children = (
				2A5296832AFF57F900279401 /* ViewController.swift */,
				2A5296852AFF582600279401 /* NetworkError.swift */,
				2A5296872AFF584100279401 /* RegisterService.swift */,
				2A5296892AFF585D00279401 /* RegisterRequestBody.swift */,
				2A52968B2AFF589400279401 /* InfoViewController.swift */,
				2A52968F2AFF592700279401 /* UserInfoDataModel.swift */,
				2A52968D2AFF591400279401 /* GetInfoService.swift */,
				2A5296912AFF638300279401 /* CheckUserExist.swift */,
				2A5296932AFF640800279401 /* CheckUserExistService.swift */,
			);
			path = FourthSeminar;
			sourceTree = "<group>";
		};
		2A5E993C2AD8E38100DA55A1 /* Global */ = {
			isa = PBXGroup;
			children = (
				2A5E99442AD90C4B00DA55A1 /* Extensions */,
				2A5E99452AD90C5C00DA55A1 /* Resource */,
				2A5E99472AD90D2700DA55A1 /* Protocols */,
			);
			path = Global;
			sourceTree = "<group>";
		};
		2A5E99432AD90BFC00DA55A1 /* Application */ = {
			isa = PBXGroup;
			children = (
				2A01E2622AD12A58003FF38C /* SceneDelegate.swift */,
				2A01E2602AD12A58003FF38C /* AppDelegate.swift */,
			);
			path = Application;
			sourceTree = "<group>";
		};
		2A5E99442AD90C4B00DA55A1 /* Extensions */ = {
			isa = PBXGroup;
			children = (
				2A5E993D2AD8E38F00DA55A1 /* UIImage+.swift */,
				2A5E99412AD90A5700DA55A1 /* UILabel+.swift */,
				2A3E2DF22AECDE6D00FE6418 /* UIView+.swift */,
			);
			path = Extensions;
			sourceTree = "<group>";
		};
		2A5E99452AD90C5C00DA55A1 /* Resource */ = {
			isa = PBXGroup;
			children = (
				2A01E26B2AD12A59003FF38C /* LaunchScreen.storyboard */,
				2A01E2692AD12A59003FF38C /* Assets.xcassets */,
			);
			path = Resource;
			sourceTree = "<group>";
		};
		2A5E99462AD90CF400DA55A1 /* Presentation */ = {
			isa = PBXGroup;
			children = (
				2A5E99482ADA5BA900DA55A1 /* FirstSeminar */,
				2A5E99492ADA5D8800DA55A1 /* SecondSeminar */,
				2A3E2DE52AECCE1700FE6418 /* ThirdSeminar */,
				2A5296822AFF455200279401 /* FourthSeminar */,
				2A4B0BAC2B119F220057BA2C /* SixthSeminar */,
				2A2EAFFB2B1AF64C002D3800 /* SeventhSeminar */,
			);
			path = Presentation;
			sourceTree = "<group>";
		};
		2A5E99472AD90D2700DA55A1 /* Protocols */ = {
			isa = PBXGroup;
			children = (
				2AC155352AD141EB0010C087 /* GetDataProtocol.swift */,
			);
			path = Protocols;
			sourceTree = "<group>";
		};
		2A5E99482ADA5BA900DA55A1 /* FirstSeminar */ = {
			isa = PBXGroup;
			children = (
				2A01E2642AD12A58003FF38C /* LoginViewController.swift */,
				2AC155332AD135E60010C087 /* ResultViewController.swift */,
			);
			path = FirstSeminar;
			sourceTree = "<group>";
		};
		2A5E99492ADA5D8800DA55A1 /* SecondSeminar */ = {
			isa = PBXGroup;
			children = (
				2A5E994A2ADA5E7F00DA55A1 /* ChessViewController.swift */,
				2A5E994C2ADA6D5100DA55A1 /* CrossViewController.swift */,
				2A5E994E2ADA824200DA55A1 /* ScrollViewController.swift */,
			);
			path = SecondSeminar;
			sourceTree = "<group>";
		};
/* End PBXGroup section */

/* Begin PBXNativeTarget section */
		2A01E25C2AD12A58003FF38C /* DO_SOPT_Seminar_Practice */ = {
			isa = PBXNativeTarget;
			buildConfigurationList = 2A01E2712AD12A59003FF38C /* Build configuration list for PBXNativeTarget "DO_SOPT_Seminar_Practice" */;
			buildPhases = (
				2A01E2592AD12A58003FF38C /* Sources */,
				2A01E25A2AD12A58003FF38C /* Frameworks */,
				2A01E25B2AD12A58003FF38C /* Resources */,
			);
			buildRules = (
			);
			dependencies = (
			);
			name = DO_SOPT_Seminar_Practice;
			packageProductDependencies = (
				2A3E2DE72AECCEF000FE6418 /* SnapKit */,
				2A3E2DEA2AECCEFC00FE6418 /* Then */,
				2A4B0BB22B11BA2C0057BA2C /* Lottie */,
			);
			productName = DO_SOPT_Seminar_Practice;
			productReference = 2A01E25D2AD12A58003FF38C /* DO_SOPT_Seminar_Practice.app */;
			productType = "com.apple.product-type.application";
		};
/* End PBXNativeTarget section */

/* Begin PBXProject section */
		2A01E2552AD12A58003FF38C /* Project object */ = {
			isa = PBXProject;
			attributes = {
				BuildIndependentTargetsInParallel = 1;
				LastSwiftUpdateCheck = 1420;
				LastUpgradeCheck = 1420;
				TargetAttributes = {
					2A01E25C2AD12A58003FF38C = {
						CreatedOnToolsVersion = 14.2;
					};
				};
			};
			buildConfigurationList = 2A01E2582AD12A58003FF38C /* Build configuration list for PBXProject "DO_SOPT_Seminar_Practice" */;
			compatibilityVersion = "Xcode 14.0";
			developmentRegion = en;
			hasScannedForEncodings = 0;
			knownRegions = (
				en,
				Base,
			);
			mainGroup = 2A01E2542AD12A58003FF38C;
			packageReferences = (
				2A3E2DE62AECCEF000FE6418 /* XCRemoteSwiftPackageReference "SnapKit" */,
				2A3E2DE92AECCEFC00FE6418 /* XCRemoteSwiftPackageReference "Then" */,
				2A4B0BB12B11BA2C0057BA2C /* XCRemoteSwiftPackageReference "lottie-ios" */,
			);
			productRefGroup = 2A01E25E2AD12A58003FF38C /* Products */;
			projectDirPath = "";
			projectRoot = "";
			targets = (
				2A01E25C2AD12A58003FF38C /* DO_SOPT_Seminar_Practice */,
			);
		};
/* End PBXProject section */

/* Begin PBXResourcesBuildPhase section */
		2A01E25B2AD12A58003FF38C /* Resources */ = {
			isa = PBXResourcesBuildPhase;
			buildActionMask = 2147483647;
			files = (
				2A4B0BB52B11BAB50057BA2C /* dragAnimation.json in Resources */,
				2A01E26D2AD12A59003FF38C /* LaunchScreen.storyboard in Resources */,
				2A01E26A2AD12A59003FF38C /* Assets.xcassets in Resources */,
			);
			runOnlyForDeploymentPostprocessing = 0;
		};
/* End PBXResourcesBuildPhase section */

/* Begin PBXSourcesBuildPhase section */
		2A01E2592AD12A58003FF38C /* Sources */ = {
			isa = PBXSourcesBuildPhase;
			buildActionMask = 2147483647;
			files = (
				2A3E2DFB2AECF06D00FE6418 /* ImageCollectionViewCell.swift in Sources */,
				2AC155362AD141EB0010C087 /* GetDataProtocol.swift in Sources */,
				2A4B0BAE2B119FF80057BA2C /* AnimateVC.swift in Sources */,
				2A01E2652AD12A58003FF38C /* LoginViewController.swift in Sources */,
				2A5296922AFF638300279401 /* CheckUserExist.swift in Sources */,
				2A3E2DF32AECDE6D00FE6418 /* UIView+.swift in Sources */,
				2A5296842AFF57F900279401 /* ViewController.swift in Sources */,
				2A4B0BB02B11A8860057BA2C /* PanGestureVC.swift in Sources */,
				2A3E2DED2AECD19F00FE6418 /* TestViewController.swift in Sources */,
				2A3E2DF72AECEFE800FE6418 /* ImageViewController.swift in Sources */,
				2A5E994D2ADA6D5100DA55A1 /* CrossViewController.swift in Sources */,
				2A52968A2AFF585D00279401 /* RegisterRequestBody.swift in Sources */,
				2A01E2612AD12A58003FF38C /* AppDelegate.swift in Sources */,
				2A5296862AFF582600279401 /* NetworkError.swift in Sources */,
				2A5E993E2AD8E38F00DA55A1 /* UIImage+.swift in Sources */,
				2A52968E2AFF591400279401 /* GetInfoService.swift in Sources */,
				2A5E99422AD90A5700DA55A1 /* UILabel+.swift in Sources */,
				2A5296902AFF592700279401 /* UserInfoDataModel.swift in Sources */,
				2A2EB0012B1AFBBC002D3800 /* CustomTVC.swift in Sources */,
				2A2EAFFD2B1AFB7B002D3800 /* MVCPracticeVC.swift in Sources */,
				2A5296882AFF584100279401 /* RegisterService.swift in Sources */,
				2A3E2DEF2AECDC9500FE6418 /* TableViewController.swift in Sources */,
				2A5296942AFF640800279401 /* CheckUserExistService.swift in Sources */,
				2A01E2632AD12A58003FF38C /* SceneDelegate.swift in Sources */,
				2A5E994F2ADA824200DA55A1 /* ScrollViewController.swift in Sources */,
				2A2EAFFF2B1AFB91002D3800 /* SoptMember.swift in Sources */,
				2A3E2DFD2AECF21E00FE6418 /* ImageCollectionData.swift in Sources */,
				2A3E2DF12AECDD0F00FE6418 /* ItemListTableViewCell.swift in Sources */,
				2A3E2DF52AECDF8E00FE6418 /* ItemListData.swift in Sources */,
				2A5E994B2ADA5E7F00DA55A1 /* ChessViewController.swift in Sources */,
				2AC155342AD135E60010C087 /* ResultViewController.swift in Sources */,
				2A52968C2AFF589400279401 /* InfoViewController.swift in Sources */,
			);
			runOnlyForDeploymentPostprocessing = 0;
		};
/* End PBXSourcesBuildPhase section */

/* Begin PBXVariantGroup section */
		2A01E26B2AD12A59003FF38C /* LaunchScreen.storyboard */ = {
			isa = PBXVariantGroup;
			children = (
				2A01E26C2AD12A59003FF38C /* Base */,
			);
			name = LaunchScreen.storyboard;
			sourceTree = "<group>";
		};
/* End PBXVariantGroup section */

/* Begin XCBuildConfiguration section */
		2A01E26F2AD12A59003FF38C /* Debug */ = {
			isa = XCBuildConfiguration;
			buildSettings = {
				ALWAYS_SEARCH_USER_PATHS = NO;
				CLANG_ANALYZER_NONNULL = YES;
				CLANG_ANALYZER_NUMBER_OBJECT_CONVERSION = YES_AGGRESSIVE;
				CLANG_CXX_LANGUAGE_STANDARD = "gnu++20";
				CLANG_ENABLE_MODULES = YES;
				CLANG_ENABLE_OBJC_ARC = YES;
				CLANG_ENABLE_OBJC_WEAK = YES;
				CLANG_WARN_BLOCK_CAPTURE_AUTORELEASING = YES;
				CLANG_WARN_BOOL_CONVERSION = YES;
				CLANG_WARN_COMMA = YES;
				CLANG_WARN_CONSTANT_CONVERSION = YES;
				CLANG_WARN_DEPRECATED_OBJC_IMPLEMENTATIONS = YES;
				CLANG_WARN_DIRECT_OBJC_ISA_USAGE = YES_ERROR;
				CLANG_WARN_DOCUMENTATION_COMMENTS = YES;
				CLANG_WARN_EMPTY_BODY = YES;
				CLANG_WARN_ENUM_CONVERSION = YES;
				CLANG_WARN_INFINITE_RECURSION = YES;
				CLANG_WARN_INT_CONVERSION = YES;
				CLANG_WARN_NON_LITERAL_NULL_CONVERSION = YES;
				CLANG_WARN_OBJC_IMPLICIT_RETAIN_SELF = YES;
				CLANG_WARN_OBJC_LITERAL_CONVERSION = YES;
				CLANG_WARN_OBJC_ROOT_CLASS = YES_ERROR;
				CLANG_WARN_QUOTED_INCLUDE_IN_FRAMEWORK_HEADER = YES;
				CLANG_WARN_RANGE_LOOP_ANALYSIS = YES;
				CLANG_WARN_STRICT_PROTOTYPES = YES;
				CLANG_WARN_SUSPICIOUS_MOVE = YES;
				CLANG_WARN_UNGUARDED_AVAILABILITY = YES_AGGRESSIVE;
				CLANG_WARN_UNREACHABLE_CODE = YES;
				CLANG_WARN__DUPLICATE_METHOD_MATCH = YES;
				COPY_PHASE_STRIP = NO;
				DEBUG_INFORMATION_FORMAT = dwarf;
				ENABLE_STRICT_OBJC_MSGSEND = YES;
				ENABLE_TESTABILITY = YES;
				GCC_C_LANGUAGE_STANDARD = gnu11;
				GCC_DYNAMIC_NO_PIC = NO;
				GCC_NO_COMMON_BLOCKS = YES;
				GCC_OPTIMIZATION_LEVEL = 0;
				GCC_PREPROCESSOR_DEFINITIONS = (
					"DEBUG=1",
					"$(inherited)",
				);
				GCC_WARN_64_TO_32_BIT_CONVERSION = YES;
				GCC_WARN_ABOUT_RETURN_TYPE = YES_ERROR;
				GCC_WARN_UNDECLARED_SELECTOR = YES;
				GCC_WARN_UNINITIALIZED_AUTOS = YES_AGGRESSIVE;
				GCC_WARN_UNUSED_FUNCTION = YES;
				GCC_WARN_UNUSED_VARIABLE = YES;
				IPHONEOS_DEPLOYMENT_TARGET = 16.2;
				MTL_ENABLE_DEBUG_INFO = INCLUDE_SOURCE;
				MTL_FAST_MATH = YES;
				ONLY_ACTIVE_ARCH = YES;
				SDKROOT = iphoneos;
				SWIFT_ACTIVE_COMPILATION_CONDITIONS = DEBUG;
				SWIFT_OPTIMIZATION_LEVEL = "-Onone";
			};
			name = Debug;
		};
		2A01E2702AD12A59003FF38C /* Release */ = {
			isa = XCBuildConfiguration;
			buildSettings = {
				ALWAYS_SEARCH_USER_PATHS = NO;
				CLANG_ANALYZER_NONNULL = YES;
				CLANG_ANALYZER_NUMBER_OBJECT_CONVERSION = YES_AGGRESSIVE;
				CLANG_CXX_LANGUAGE_STANDARD = "gnu++20";
				CLANG_ENABLE_MODULES = YES;
				CLANG_ENABLE_OBJC_ARC = YES;
				CLANG_ENABLE_OBJC_WEAK = YES;
				CLANG_WARN_BLOCK_CAPTURE_AUTORELEASING = YES;
				CLANG_WARN_BOOL_CONVERSION = YES;
				CLANG_WARN_COMMA = YES;
				CLANG_WARN_CONSTANT_CONVERSION = YES;
				CLANG_WARN_DEPRECATED_OBJC_IMPLEMENTATIONS = YES;
				CLANG_WARN_DIRECT_OBJC_ISA_USAGE = YES_ERROR;
				CLANG_WARN_DOCUMENTATION_COMMENTS = YES;
				CLANG_WARN_EMPTY_BODY = YES;
				CLANG_WARN_ENUM_CONVERSION = YES;
				CLANG_WARN_INFINITE_RECURSION = YES;
				CLANG_WARN_INT_CONVERSION = YES;
				CLANG_WARN_NON_LITERAL_NULL_CONVERSION = YES;
				CLANG_WARN_OBJC_IMPLICIT_RETAIN_SELF = YES;
				CLANG_WARN_OBJC_LITERAL_CONVERSION = YES;
				CLANG_WARN_OBJC_ROOT_CLASS = YES_ERROR;
				CLANG_WARN_QUOTED_INCLUDE_IN_FRAMEWORK_HEADER = YES;
				CLANG_WARN_RANGE_LOOP_ANALYSIS = YES;
				CLANG_WARN_STRICT_PROTOTYPES = YES;
				CLANG_WARN_SUSPICIOUS_MOVE = YES;
				CLANG_WARN_UNGUARDED_AVAILABILITY = YES_AGGRESSIVE;
				CLANG_WARN_UNREACHABLE_CODE = YES;
				CLANG_WARN__DUPLICATE_METHOD_MATCH = YES;
				COPY_PHASE_STRIP = NO;
				DEBUG_INFORMATION_FORMAT = "dwarf-with-dsym";
				ENABLE_NS_ASSERTIONS = NO;
				ENABLE_STRICT_OBJC_MSGSEND = YES;
				GCC_C_LANGUAGE_STANDARD = gnu11;
				GCC_NO_COMMON_BLOCKS = YES;
				GCC_WARN_64_TO_32_BIT_CONVERSION = YES;
				GCC_WARN_ABOUT_RETURN_TYPE = YES_ERROR;
				GCC_WARN_UNDECLARED_SELECTOR = YES;
				GCC_WARN_UNINITIALIZED_AUTOS = YES_AGGRESSIVE;
				GCC_WARN_UNUSED_FUNCTION = YES;
				GCC_WARN_UNUSED_VARIABLE = YES;
				IPHONEOS_DEPLOYMENT_TARGET = 16.2;
				MTL_ENABLE_DEBUG_INFO = NO;
				MTL_FAST_MATH = YES;
				SDKROOT = iphoneos;
				SWIFT_COMPILATION_MODE = wholemodule;
				SWIFT_OPTIMIZATION_LEVEL = "-O";
				VALIDATE_PRODUCT = YES;
			};
			name = Release;
		};
		2A01E2722AD12A59003FF38C /* Debug */ = {
			isa = XCBuildConfiguration;
			buildSettings = {
				ASSETCATALOG_COMPILER_APPICON_NAME = AppIcon;
				ASSETCATALOG_COMPILER_GLOBAL_ACCENT_COLOR_NAME = AccentColor;
				CODE_SIGN_STYLE = Automatic;
				CURRENT_PROJECT_VERSION = 1;
				DEVELOPMENT_TEAM = 349HWJV2J8;
				GENERATE_INFOPLIST_FILE = YES;
				INFOPLIST_FILE = DO_SOPT_Seminar_Practice/Info.plist;
				INFOPLIST_KEY_UIApplicationSupportsIndirectInputEvents = YES;
				INFOPLIST_KEY_UILaunchStoryboardName = LaunchScreen;
				INFOPLIST_KEY_UISupportedInterfaceOrientations_iPad = "UIInterfaceOrientationPortrait UIInterfaceOrientationPortraitUpsideDown UIInterfaceOrientationLandscapeLeft UIInterfaceOrientationLandscapeRight";
				INFOPLIST_KEY_UISupportedInterfaceOrientations_iPhone = "UIInterfaceOrientationPortrait UIInterfaceOrientationLandscapeLeft UIInterfaceOrientationLandscapeRight";
				LD_RUNPATH_SEARCH_PATHS = (
					"$(inherited)",
					"@executable_path/Frameworks",
				);
				MARKETING_VERSION = 1.0;
				PRODUCT_BUNDLE_IDENTIFIER = "com.naver-heejoo-byun.DO-SOPT-Seminar-Practice";
				PRODUCT_NAME = "$(TARGET_NAME)";
				SWIFT_EMIT_LOC_STRINGS = YES;
				SWIFT_VERSION = 5.0;
				TARGETED_DEVICE_FAMILY = "1,2";
			};
			name = Debug;
		};
		2A01E2732AD12A59003FF38C /* Release */ = {
			isa = XCBuildConfiguration;
			buildSettings = {
				ASSETCATALOG_COMPILER_APPICON_NAME = AppIcon;
				ASSETCATALOG_COMPILER_GLOBAL_ACCENT_COLOR_NAME = AccentColor;
				CODE_SIGN_STYLE = Automatic;
				CURRENT_PROJECT_VERSION = 1;
				DEVELOPMENT_TEAM = 349HWJV2J8;
				GENERATE_INFOPLIST_FILE = YES;
				INFOPLIST_FILE = DO_SOPT_Seminar_Practice/Info.plist;
				INFOPLIST_KEY_UIApplicationSupportsIndirectInputEvents = YES;
				INFOPLIST_KEY_UILaunchStoryboardName = LaunchScreen;
				INFOPLIST_KEY_UISupportedInterfaceOrientations_iPad = "UIInterfaceOrientationPortrait UIInterfaceOrientationPortraitUpsideDown UIInterfaceOrientationLandscapeLeft UIInterfaceOrientationLandscapeRight";
				INFOPLIST_KEY_UISupportedInterfaceOrientations_iPhone = "UIInterfaceOrientationPortrait UIInterfaceOrientationLandscapeLeft UIInterfaceOrientationLandscapeRight";
				LD_RUNPATH_SEARCH_PATHS = (
					"$(inherited)",
					"@executable_path/Frameworks",
				);
				MARKETING_VERSION = 1.0;
				PRODUCT_BUNDLE_IDENTIFIER = "com.naver-heejoo-byun.DO-SOPT-Seminar-Practice";
				PRODUCT_NAME = "$(TARGET_NAME)";
				SWIFT_EMIT_LOC_STRINGS = YES;
				SWIFT_VERSION = 5.0;
				TARGETED_DEVICE_FAMILY = "1,2";
			};
			name = Release;
		};
/* End XCBuildConfiguration section */

/* Begin XCConfigurationList section */
		2A01E2582AD12A58003FF38C /* Build configuration list for PBXProject "DO_SOPT_Seminar_Practice" */ = {
			isa = XCConfigurationList;
			buildConfigurations = (
				2A01E26F2AD12A59003FF38C /* Debug */,
				2A01E2702AD12A59003FF38C /* Release */,
			);
			defaultConfigurationIsVisible = 0;
			defaultConfigurationName = Release;
		};
		2A01E2712AD12A59003FF38C /* Build configuration list for PBXNativeTarget "DO_SOPT_Seminar_Practice" */ = {
			isa = XCConfigurationList;
			buildConfigurations = (
				2A01E2722AD12A59003FF38C /* Debug */,
				2A01E2732AD12A59003FF38C /* Release */,
			);
			defaultConfigurationIsVisible = 0;
			defaultConfigurationName = Release;
		};
/* End XCConfigurationList section */

/* Begin XCRemoteSwiftPackageReference section */
		2A3E2DE62AECCEF000FE6418 /* XCRemoteSwiftPackageReference "SnapKit" */ = {
			isa = XCRemoteSwiftPackageReference;
			repositoryURL = "https://github.com/SnapKit/SnapKit.git";
			requirement = {
				kind = upToNextMajorVersion;
				minimumVersion = 5.0.0;
			};
		};
		2A3E2DE92AECCEFC00FE6418 /* XCRemoteSwiftPackageReference "Then" */ = {
			isa = XCRemoteSwiftPackageReference;
			repositoryURL = "https://github.com/devxoul/Then.git";
			requirement = {
				kind = upToNextMajorVersion;
				minimumVersion = 3.0.0;
			};
		};
		2A4B0BB12B11BA2C0057BA2C /* XCRemoteSwiftPackageReference "lottie-ios" */ = {
			isa = XCRemoteSwiftPackageReference;
			repositoryURL = "https://github.com/airbnb/lottie-ios.git";
			requirement = {
				kind = upToNextMajorVersion;
				minimumVersion = 4.2.3;
			};
		};
/* End XCRemoteSwiftPackageReference section */

/* Begin XCSwiftPackageProductDependency section */
		2A3E2DE72AECCEF000FE6418 /* SnapKit */ = {
			isa = XCSwiftPackageProductDependency;
			package = 2A3E2DE62AECCEF000FE6418 /* XCRemoteSwiftPackageReference "SnapKit" */;
			productName = SnapKit;
		};
		2A3E2DEA2AECCEFC00FE6418 /* Then */ = {
			isa = XCSwiftPackageProductDependency;
			package = 2A3E2DE92AECCEFC00FE6418 /* XCRemoteSwiftPackageReference "Then" */;
			productName = Then;
		};
		2A4B0BB22B11BA2C0057BA2C /* Lottie */ = {
			isa = XCSwiftPackageProductDependency;
			package = 2A4B0BB12B11BA2C0057BA2C /* XCRemoteSwiftPackageReference "lottie-ios" */;
			productName = Lottie;
		};
/* End XCSwiftPackageProductDependency section */
	};
	rootObject = 2A01E2552AD12A58003FF38C /* Project object */;
}
